
Microsoft Visual Studio Solution File, Format Version 12.00
Project("{FAE04EC0-301F-11D3-BF4B-00C04F79EFBC}") = "Lab3", "Lab3.csproj", "{5B30C43A-ECC9-406F-9521-B99FA37E735E}"
EndProject
Project("{FAE04EC0-301F-11D3-BF4B-00C04F79EFBC}") = "Tests", "Tests\Tests.csproj", "{F41879D9-1D81-4184-95D6-439A25D856D2}"
EndProject
Global
	GlobalSection(SolutionConfigurationPlatforms) = preSolution
		Debug|Any CPU = Debug|Any CPU
		Release|Any CPU = Release|Any CPU
	EndGlobalSection
	GlobalSection(ProjectConfigurationPlatforms) = postSolution
		{5B30C43A-ECC9-406F-9521-B99FA37E735E}.Debug|Any CPU.ActiveCfg = Debug|Any CPU
		{5B30C43A-ECC9-406F-9521-B99FA37E735E}.Debug|Any CPU.Build.0 = Debug|Any CPU
		{5B30C43A-ECC9-406F-9521-B99FA37E735E}.Release|Any CPU.ActiveCfg = Release|Any CPU
		{5B30C43A-ECC9-406F-9521-B99FA37E735E}.Release|Any CPU.Build.0 = Release|Any CPU
		{F41879D9-1D81-4184-95D6-439A25D856D2}.Debug|Any CPU.ActiveCfg = Debug|Any CPU
		{F41879D9-1D81-4184-95D6-439A25D856D2}.Debug|Any CPU.Build.0 = Debug|Any CPU
		{F41879D9-1D81-4184-95D6-439A25D856D2}.Release|Any CPU.ActiveCfg = Release|Any CPU
		{F41879D9-1D81-4184-95D6-439A25D856D2}.Release|Any CPU.Build.0 = Release|Any CPU
	EndGlobalSection
EndGlobal
