
Microsoft Visual Studio Solution File, Format Version 12.00
Project("{F2A71F9B-5D33-465A-A702-920D77279786}") = "Lab7", "Lab7\Lab7.fsproj", "{E4929B93-7201-40FE-8F9C-F1448B961DAB}"
EndProject
Global
	GlobalSection(SolutionConfigurationPlatforms) = preSolution
		Debug|Any CPU = Debug|Any CPU
		Release|Any CPU = Release|Any CPU
	EndGlobalSection
	GlobalSection(ProjectConfigurationPlatforms) = postSolution
		{E4929B93-7201-40FE-8F9C-F1448B961DAB}.Debug|Any CPU.ActiveCfg = Debug|Any CPU
		{E4929B93-7201-40FE-8F9C-F1448B961DAB}.Debug|Any CPU.Build.0 = Debug|Any CPU
		{E4929B93-7201-40FE-8F9C-F1448B961DAB}.Release|Any CPU.ActiveCfg = Release|Any CPU
		{E4929B93-7201-40FE-8F9C-F1448B961DAB}.Release|Any CPU.Build.0 = Release|Any CPU
	EndGlobalSection
EndGlobal
